{
  "version": 4,
  "terraform_version": "1.15.7",
  "serial": 38,
  "lineage": "6fcef12e-eb6c-16d7-a31c-609f6e3014da",
  "outputs": {
    "aks_cluster_name": {
      "value": "wanderlust",
      "type": "string"
    },
    "nsg_name": {
      "value": "allow-tls",
      "type": "string"
    },
    "resource_group_name": {
      "value": "wanderlust-rg",
      "type": "string"
    },
    "vm_name": {
      "value": "jenkins-master",
      "type": "string"
    },
    "vm_public_ip": {
      "value": "20.236.37.26",
      "type": "string"
    }
  },
  "resources": [
    {
      "mode": "managed",
      "type": "azurerm_linux_virtual_machine",
      "name": "jenkins_master",
      "provider": "provider[\"registry.terraform.io/hashicorp/azurerm\"]",
      "instances": [
        {
          "schema_version": 0,
          "attributes": {
            "additional_capabilities": [],
            "admin_password": null,
            "admin_ssh_key": [
              {
                "public_key": "ssh-rsa AAAAB3NzaC1yc2EAAAADAQABAAACAQC7vmmnxa6Rk562/xWEbbHsl5hvqcaxAjNV1ximro4N72o4J6GvZJ2g7Rvit5V5OxKRrhU83FvPB+MNy/zmpiSZDiOxwOsANqckBYlsDg6efMzP4doSz3Zu20/oJgcFi3zVJimv2kEDP1JLkRH1k/QSw/EBzVeKx23gCgnu2fVPV1/oDF/oDfK3zCrpSY91VmG35HiQP5H5/voQJbIFLwPvd/1Ctmnwze4/cLDlvILhwgmPPZ/ATtnd8mrirbGIJrmKMALoT3VT75xjrkXkFHIsBGU6e4iXcdq1DonTV/TWhxQGlvaeNp6kexCtKLUvquF/7nEBNKdITBKLwq4RmafCRls3UknEc/DwAMmq6o+BtSSoD34c8KM20SFVBTakVD+PWk90G+SpqwsvITDiDd31WxwCrQyNnauWphREoHKKXk1HfExOJcq+Gxq5NWx5KTAPlEk3gUfZcOSYwCFnMppgwc8MLawXdS+UvewDnf8nWXcQYhj1/dv0gTWplKY2CLMDwbIx3aVEjswlOa6Bnu+rmN/aC8OWRao1Zmm0YFtTG2/Je1qkZr7byjgXofEHfB5c+gny78KQF+4JAr5EgpJ0RZ30ozm3mSerDg2LtALJyMZz0Znaiole9KXirBZ8moVuh6+jHiZx0BeDvOOjTR5NQZ4TBNEjwp+kZRKJ6jmVlw== wanderlust-azure-jenkins-master\n",
                "username": "azureuser"
              }
            ],
            "admin_username": "azureuser",
            "allow_extension_operations": true,
            "availability_set_id": "",
            "boot_diagnostics": [],
            "bypass_platform_safety_checks_on_user_schedule_enabled": false,
            "capacity_reservation_group_id": "",
            "computer_name": "jenkins-master",
            "custom_data": null,
            "dedicated_host_group_id": "",
            "dedicated_host_id": "",
            "disable_password_authentication": true,
            "disk_controller_type": "SCSI",
            "edge_zone": "",
            "encryption_at_host_enabled": false,
            "eviction_policy": "",
            "extensions_time_budget": "PT1H30M",
            "gallery_application": [],
            "id": "/subscriptions/0b07168e-d010-4541-bfb3-371b1ae41ba6/resourceGroups/wanderlust-rg/providers/Microsoft.Compute/virtualMachines/jenkins-master",
            "identity": [],
            "license_type": "",
            "location": "westus2",
            "max_bid_price": -1,
            "name": "jenkins-master",
            "network_interface_ids": [
              "/subscriptions/0b07168e-d010-4541-bfb3-371b1ae41ba6/resourceGroups/wanderlust-rg/providers/Microsoft.Network/networkInterfaces/wanderlust-nic"
            ],
            "os_disk": [
              {
                "caching": "ReadWrite",
                "diff_disk_settings": [],
                "disk_encryption_set_id": "",
                "disk_size_gb": 30,
                "name": "jenkins-master_disk1_009f40e3cf9f482d8d1820c858dbbad7",
                "secure_vm_disk_encryption_set_id": "",
                "security_encryption_type": "",
                "storage_account_type": "Premium_LRS",
                "write_accelerator_enabled": false
              }
            ],
            "os_image_notification": [],
            "patch_assessment_mode": "ImageDefault",
            "patch_mode": "ImageDefault",
            "plan": [],
            "platform_fault_domain": -1,
            "priority": "Regular",
            "private_ip_address": "10.0.1.4",
            "private_ip_addresses": [
              "10.0.1.4"
            ],
            "provision_vm_agent": true,
            "proximity_placement_group_id": "",
            "public_ip_address": "20.236.37.26",
            "public_ip_addresses": [
              "20.236.37.26"
            ],
            "reboot_setting": "",
            "resource_group_name": "wanderlust-rg",
            "secret": [],
            "secure_boot_enabled": false,
            "size": "Standard_D2s_v3",
            "source_image_id": "",
            "source_image_reference": [
              {
                "offer": "0001-com-ubuntu-server-jammy",
                "publisher": "Canonical",
                "sku": "22_04-lts-gen2",
                "version": "latest"
              }
            ],
            "tags": {
              "Name": "jenkins-master"
            },
            "termination_notification": [],
            "timeouts": null,
            "user_data": "",
            "virtual_machine_id": "4ec04927-f233-4ad6-a44c-e44ab3cf6423",
            "virtual_machine_scale_set_id": "",
            "vm_agent_platform_updates_enabled": false,
            "vtpm_enabled": false,
            "zone": ""
          },
          "sensitive_attributes": [
            [
              {
                "type": "get_attr",
                "value": "admin_password"
              }
            ],
            [
              {
                "type": "get_attr",
                "value": "custom_data"
              }
            ]
          ],
          "identity_schema_version": 0,
          "private": "eyJlMmJmYjczMC1lY2FhLTExZTYtOGY4OC0zNDM2M2JjN2M0YzAiOnsiY3JlYXRlIjoyNzAwMDAwMDAwMDAwLCJkZWxldGUiOjI3MDAwMDAwMDAwMDAsInJlYWQiOjMwMDAwMDAwMDAwMCwidXBkYXRlIjoyNzAwMDAwMDAwMDAwfX0=",
          "dependencies": [
            "azurerm_network_interface.wanderlust",
            "azurerm_public_ip.wanderlust",
            "azurerm_resource_group.wanderlust",
            "azurerm_subnet.wanderlust",
            "azurerm_virtual_network.wanderlust"
          ]
        }
      ]
    },
    {
      "mode": "managed",
      "type": "azurerm_network_interface",
      "name": "wanderlust",
      "provider": "provider[\"registry.terraform.io/hashicorp/azurerm\"]",
      "instances": [
        {
          "schema_version": 0,
          "attributes": {
            "accelerated_networking_enabled": false,
            "applied_dns_servers": [],
            "auxiliary_mode": "",
            "auxiliary_sku": "",
            "dns_servers": [],
            "edge_zone": "",
            "enable_accelerated_networking": false,
            "enable_ip_forwarding": false,
            "id": "/subscriptions/0b07168e-d010-4541-bfb3-371b1ae41ba6/resourceGroups/wanderlust-rg/providers/Microsoft.Network/networkInterfaces/wanderlust-nic",
            "internal_dns_name_label": "",
            "internal_domain_name_suffix": "3l4canhnxuyehbxcnxjltoybeh.xx.internal.cloudapp.net",
            "ip_configuration": [
              {
                "gateway_load_balancer_frontend_ip_configuration_id": "",
                "name": "internal",
                "primary": true,
                "private_ip_address": "10.0.1.4",
                "private_ip_address_allocation": "Dynamic",
                "private_ip_address_version": "IPv4",
                "public_ip_address_id": "/subscriptions/0b07168e-d010-4541-bfb3-371b1ae41ba6/resourceGroups/wanderlust-rg/providers/Microsoft.Network/publicIPAddresses/wanderlust-public-ip",
                "subnet_id": "/subscriptions/0b07168e-d010-4541-bfb3-371b1ae41ba6/resourceGroups/wanderlust-rg/providers/Microsoft.Network/virtualNetworks/wanderlust-vnet/subnets/wanderlust-subnet"
              }
            ],
            "ip_forwarding_enabled": false,
            "location": "westus2",
            "mac_address": "7C-ED-8D-88-87-63",
            "name": "wanderlust-nic",
            "private_ip_address": "10.0.1.4",
            "private_ip_addresses": [
              "10.0.1.4"
            ],
            "resource_group_name": "wanderlust-rg",
            "tags": {},
            "timeouts": null,
            "virtual_machine_id": "/subscriptions/0b07168e-d010-4541-bfb3-371b1ae41ba6/resourceGroups/wanderlust-rg/providers/Microsoft.Compute/virtualMachines/jenkins-master"
          },
          "sensitive_attributes": [],
          "identity_schema_version": 0,
          "private": "eyJlMmJmYjczMC1lY2FhLTExZTYtOGY4OC0zNDM2M2JjN2M0YzAiOnsiY3JlYXRlIjoxODAwMDAwMDAwMDAwLCJkZWxldGUiOjE4MDAwMDAwMDAwMDAsInJlYWQiOjMwMDAwMDAwMDAwMCwidXBkYXRlIjoxODAwMDAwMDAwMDAwfX0=",
          "dependencies": [
            "azurerm_public_ip.wanderlust",
            "azurerm_resource_group.wanderlust",
            "azurerm_subnet.wanderlust",
            "azurerm_virtual_network.wanderlust"
          ]
        }
      ]
    },
    {
      "mode": "managed",
      "type": "azurerm_network_interface_security_group_association",
      "name": "wanderlust",
      "provider": "provider[\"registry.terraform.io/hashicorp/azurerm\"]",
      "instances": [
        {
          "schema_version": 0,
          "attributes": {
            "id": "/subscriptions/0b07168e-d010-4541-bfb3-371b1ae41ba6/resourceGroups/wanderlust-rg/providers/Microsoft.Network/networkInterfaces/wanderlust-nic|/subscriptions/0b07168e-d010-4541-bfb3-371b1ae41ba6/resourceGroups/wanderlust-rg/providers/Microsoft.Network/networkSecurityGroups/allow-tls",
            "network_interface_id": "/subscriptions/0b07168e-d010-4541-bfb3-371b1ae41ba6/resourceGroups/wanderlust-rg/providers/Microsoft.Network/networkInterfaces/wanderlust-nic",
            "network_security_group_id": "/subscriptions/0b07168e-d010-4541-bfb3-371b1ae41ba6/resourceGroups/wanderlust-rg/providers/Microsoft.Network/networkSecurityGroups/allow-tls",
            "timeouts": null
          },
          "sensitive_attributes": [],
          "identity_schema_version": 0,
          "private": "eyJlMmJmYjczMC1lY2FhLTExZTYtOGY4OC0zNDM2M2JjN2M0YzAiOnsiY3JlYXRlIjoxODAwMDAwMDAwMDAwLCJkZWxldGUiOjE4MDAwMDAwMDAwMDAsInJlYWQiOjMwMDAwMDAwMDAwMH19",
          "dependencies": [
            "azurerm_network_interface.wanderlust",
            "azurerm_network_security_group.allow_user_to_connect",
            "azurerm_public_ip.wanderlust",
            "azurerm_resource_group.wanderlust",
            "azurerm_subnet.wanderlust",
            "azurerm_virtual_network.wanderlust"
          ]
        }
      ]
    },
    {
      "mode": "managed",
      "type": "azurerm_network_security_group",
      "name": "allow_user_to_connect",
      "provider": "provider[\"registry.terraform.io/hashicorp/azurerm\"]",
      "instances": [
        {
          "schema_version": 0,
          "attributes": {
            "id": "/subscriptions/0b07168e-d010-4541-bfb3-371b1ae41ba6/resourceGroups/wanderlust-rg/providers/Microsoft.Network/networkSecurityGroups/allow-tls",
            "location": "westus2",
            "name": "allow-tls",
            "resource_group_name": "wanderlust-rg",
            "security_rule": [
              {
                "access": "Allow",
                "description": "port 22 allow",
                "destination_address_prefix": "*",
                "destination_address_prefixes": [],
                "destination_application_security_group_ids": [],
                "destination_port_range": "22",
                "destination_port_ranges": [],
                "direction": "Inbound",
                "name": "allow-ssh",
                "priority": 100,
                "protocol": "Tcp",
                "source_address_prefix": "*",
                "source_address_prefixes": [],
                "source_application_security_group_ids": [],
                "source_port_range": "*",
                "source_port_ranges": []
              },
              {
                "access": "Allow",
                "description": "port 443 allow",
                "destination_address_prefix": "*",
                "destination_address_prefixes": [],
                "destination_application_security_group_ids": [],
                "destination_port_range": "443",
                "destination_port_ranges": [],
                "direction": "Inbound",
                "name": "allow-https",
                "priority": 120,
                "protocol": "Tcp",
                "source_address_prefix": "*",
                "source_address_prefixes": [],
                "source_application_security_group_ids": [],
                "source_port_range": "*",
                "source_port_ranges": []
              },
              {
                "access": "Allow",
                "description": "port 80 allow",
                "destination_address_prefix": "*",
                "destination_address_prefixes": [],
                "destination_application_security_group_ids": [],
                "destination_port_range": "80",
                "destination_port_ranges": [],
                "direction": "Inbound",
                "name": "allow-http",
                "priority": 110,
                "protocol": "Tcp",
                "source_address_prefix": "*",
                "source_address_prefixes": [],
                "source_application_security_group_ids": [],
                "source_port_range": "*",
                "source_port_ranges": []
              },
              {
                "access": "Allow",
                "description": "port 8080 allow",
                "destination_address_prefix": "*",
                "destination_address_prefixes": [],
                "destination_application_security_group_ids": [],
                "destination_port_range": "8080",
                "destination_port_ranges": [],
                "direction": "Inbound",
                "name": "allow-jenkins",
                "priority": 130,
                "protocol": "Tcp",
                "source_address_prefix": "*",
                "source_address_prefixes": [],
                "source_application_security_group_ids": [],
                "source_port_range": "*",
                "source_port_ranges": []
              }
            ],
            "tags": {
              "Name": "mysecurity"
            },
            "timeouts": null
          },
          "sensitive_attributes": [],
          "identity_schema_version": 0,
          "private": "eyJlMmJmYjczMC1lY2FhLTExZTYtOGY4OC0zNDM2M2JjN2M0YzAiOnsiY3JlYXRlIjoxODAwMDAwMDAwMDAwLCJkZWxldGUiOjE4MDAwMDAwMDAwMDAsInJlYWQiOjMwMDAwMDAwMDAwMCwidXBkYXRlIjoxODAwMDAwMDAwMDAwfX0=",
          "dependencies": [
            "azurerm_resource_group.wanderlust"
          ]
        }
      ]
    },
    {
      "mode": "managed",
      "type": "azurerm_public_ip",
      "name": "wanderlust",
      "provider": "provider[\"registry.terraform.io/hashicorp/azurerm\"]",
      "instances": [
        {
          "schema_version": 0,
          "attributes": {
            "allocation_method": "Static",
            "ddos_protection_mode": "VirtualNetworkInherited",
            "ddos_protection_plan_id": null,
            "domain_name_label": null,
            "edge_zone": "",
            "fqdn": null,
            "id": "/subscriptions/0b07168e-d010-4541-bfb3-371b1ae41ba6/resourceGroups/wanderlust-rg/providers/Microsoft.Network/publicIPAddresses/wanderlust-public-ip",
            "idle_timeout_in_minutes": 4,
            "ip_address": "20.236.37.26",
            "ip_tags": {},
            "ip_version": "IPv4",
            "location": "westus2",
            "name": "wanderlust-public-ip",
            "public_ip_prefix_id": null,
            "resource_group_name": "wanderlust-rg",
            "reverse_fqdn": null,
            "sku": "Standard",
            "sku_tier": "Regional",
            "tags": {},
            "timeouts": null,
            "zones": []
          },
          "sensitive_attributes": [],
          "identity_schema_version": 0,
          "private": "eyJlMmJmYjczMC1lY2FhLTExZTYtOGY4OC0zNDM2M2JjN2M0YzAiOnsiY3JlYXRlIjoxODAwMDAwMDAwMDAwLCJkZWxldGUiOjE4MDAwMDAwMDAwMDAsInJlYWQiOjMwMDAwMDAwMDAwMCwidXBkYXRlIjoxODAwMDAwMDAwMDAwfX0=",
          "dependencies": [
            "azurerm_resource_group.wanderlust"
          ]
        }
      ]
    },
    {
      "mode": "managed",
      "type": "azurerm_resource_group",
      "name": "wanderlust",
      "provider": "provider[\"registry.terraform.io/hashicorp/azurerm\"]",
      "instances": [
        {
          "schema_version": 0,
          "attributes": {
            "id": "/subscriptions/0b07168e-d010-4541-bfb3-371b1ae41ba6/resourceGroups/wanderlust-rg",
            "location": "westus2",
            "managed_by": "",
            "name": "wanderlust-rg",
            "tags": {},
            "timeouts": null
          },
          "sensitive_attributes": [],
          "identity_schema_version": 0,
          "private": "eyJlMmJmYjczMC1lY2FhLTExZTYtOGY4OC0zNDM2M2JjN2M0YzAiOnsiY3JlYXRlIjo1NDAwMDAwMDAwMDAwLCJkZWxldGUiOjU0MDAwMDAwMDAwMDAsInJlYWQiOjMwMDAwMDAwMDAwMCwidXBkYXRlIjo1NDAwMDAwMDAwMDAwfX0="
        }
      ]
    },
    {
      "mode": "managed",
      "type": "azurerm_subnet",
      "name": "wanderlust",
      "provider": "provider[\"registry.terraform.io/hashicorp/azurerm\"]",
      "instances": [
        {
          "schema_version": 0,
          "attributes": {
            "address_prefixes": [
              "10.0.1.0/24"
            ],
            "default_outbound_access_enabled": true,
            "delegation": [],
            "enforce_private_link_endpoint_network_policies": false,
            "enforce_private_link_service_network_policies": false,
            "id": "/subscriptions/0b07168e-d010-4541-bfb3-371b1ae41ba6/resourceGroups/wanderlust-rg/providers/Microsoft.Network/virtualNetworks/wanderlust-vnet/subnets/wanderlust-subnet",
            "name": "wanderlust-subnet",
            "private_endpoint_network_policies": "Enabled",
            "private_endpoint_network_policies_enabled": true,
            "private_link_service_network_policies_enabled": true,
            "resource_group_name": "wanderlust-rg",
            "service_endpoint_policy_ids": [],
            "service_endpoints": [],
            "timeouts": null,
            "virtual_network_name": "wanderlust-vnet"
          },
          "sensitive_attributes": [],
          "identity_schema_version": 0,
          "private": "eyJlMmJmYjczMC1lY2FhLTExZTYtOGY4OC0zNDM2M2JjN2M0YzAiOnsiY3JlYXRlIjoxODAwMDAwMDAwMDAwLCJkZWxldGUiOjE4MDAwMDAwMDAwMDAsInJlYWQiOjMwMDAwMDAwMDAwMCwidXBkYXRlIjoxODAwMDAwMDAwMDAwfX0=",
          "dependencies": [
            "azurerm_resource_group.wanderlust",
            "azurerm_virtual_network.wanderlust"
          ]
        }
      ]
    },
    {
      "mode": "managed",
      "type": "azurerm_virtual_network",
      "name": "wanderlust",
      "provider": "provider[\"registry.terraform.io/hashicorp/azurerm\"]",
      "instances": [
        {
          "schema_version": 0,
          "attributes": {
            "address_space": [
              "10.0.0.0/16"
            ],
            "bgp_community": "",
            "ddos_protection_plan": [],
            "dns_servers": [],
            "edge_zone": "",
            "encryption": [],
            "flow_timeout_in_minutes": 0,
            "guid": "3420fcea-bded-4330-86e2-6dd2b9bb0127",
            "id": "/subscriptions/0b07168e-d010-4541-bfb3-371b1ae41ba6/resourceGroups/wanderlust-rg/providers/Microsoft.Network/virtualNetworks/wanderlust-vnet",
            "location": "westus2",
            "name": "wanderlust-vnet",
            "resource_group_name": "wanderlust-rg",
            "subnet": [
              {
                "address_prefix": "10.0.1.0/24",
                "id": "/subscriptions/0b07168e-d010-4541-bfb3-371b1ae41ba6/resourceGroups/wanderlust-rg/providers/Microsoft.Network/virtualNetworks/wanderlust-vnet/subnets/wanderlust-subnet",
                "name": "wanderlust-subnet",
                "security_group": ""
              }
            ],
            "tags": {},
            "timeouts": null
          },
          "sensitive_attributes": [],
          "identity_schema_version": 0,
          "private": "eyJlMmJmYjczMC1lY2FhLTExZTYtOGY4OC0zNDM2M2JjN2M0YzAiOnsiY3JlYXRlIjoxODAwMDAwMDAwMDAwLCJkZWxldGUiOjE4MDAwMDAwMDAwMDAsInJlYWQiOjMwMDAwMDAwMDAwMCwidXBkYXRlIjoxODAwMDAwMDAwMDAwfX0=",
          "dependencies": [
            "azurerm_resource_group.wanderlust"
          ]
        }
      ]
    }
  ],
  "check_results": null
}
