{
  "version": 4,
  "terraform_version": "1.15.7",
  "serial": 52,
  "lineage": "6fcef12e-eb6c-16d7-a31c-609f6e3014da",
  "outputs": {
    "aks_cluster_name": {
      "value": "wanderlust",
      "type": "string"
    },
    "nsg_name": {
      "value": "allow-tls",
      "type": "string"
    },
    "resource_group_name": {
      "value": "wanderlust-rg",
      "type": "string"
    },
    "vm_name": {
      "value": "jenkins-master",
      "type": "string"
    },
    "vm_public_ip": {
      "value": "20.236.37.26",
      "type": "string"
    }
  },
  "resources": [
    {
      "mode": "managed",
      "type": "azurerm_kubernetes_cluster",
      "name": "wanderlust",
      "provider": "provider[\"registry.terraform.io/hashicorp/azurerm\"]",
      "instances": [
        {
          "schema_version": 2,
          "attributes": {
            "aci_connector_linux": [],
            "api_server_access_profile": [],
            "api_server_authorized_ip_ranges": [],
            "auto_scaler_profile": [],
            "automatic_channel_upgrade": "",
            "azure_active_directory_role_based_access_control": [],
            "azure_policy_enabled": null,
            "confidential_computing": [],
            "cost_analysis_enabled": false,
            "current_kubernetes_version": "1.35.5",
            "custom_ca_trust_certificates_base64": [],
            "default_node_pool": [
              {
                "capacity_reservation_group_id": "",
                "custom_ca_trust_enabled": false,
                "enable_auto_scaling": false,
                "enable_host_encryption": false,
                "enable_node_public_ip": false,
                "fips_enabled": false,
                "gpu_instance": "",
                "host_group_id": "",
                "kubelet_config": [],
                "kubelet_disk_type": "OS",
                "linux_os_config": [],
                "max_count": 0,
                "max_pods": 250,
                "message_of_the_day": "",
                "min_count": 0,
                "name": "default",
                "node_count": 1,
                "node_labels": {},
                "node_network_profile": [],
                "node_public_ip_prefix_id": "",
                "node_taints": [],
                "only_critical_addons_enabled": false,
                "orchestrator_version": "1.35",
                "os_disk_size_gb": 128,
                "os_disk_type": "Managed",
                "os_sku": "Ubuntu",
                "pod_subnet_id": "",
                "proximity_placement_group_id": "",
                "scale_down_mode": "Delete",
                "snapshot_id": "",
                "tags": {},
                "temporary_name_for_rotation": "",
                "type": "VirtualMachineScaleSets",
                "ultra_ssd_enabled": false,
                "upgrade_settings": [
                  {
                    "drain_timeout_in_minutes": 0,
                    "max_surge": "10%",
                    "node_soak_duration_in_minutes": 0
                  }
                ],
                "vm_size": "Standard_D2s_v3",
                "vnet_subnet_id": "",
                "workload_runtime": "",
                "zones": []
              }
            ],
            "disk_encryption_set_id": "",
            "dns_prefix": "wanderlust",
            "dns_prefix_private_cluster": "",
            "edge_zone": "",
            "enable_pod_security_policy": false,
            "fqdn": "wanderlust-th3jcpm1.hcp.westus2.azmk8s.io",
            "http_application_routing_enabled": null,
            "http_application_routing_zone_name": null,
            "http_proxy_config": [],
            "id": "/subscriptions/0b07168e-d010-4541-bfb3-371b1ae41ba6/resourceGroups/wanderlust-rg/providers/Microsoft.ContainerService/managedClusters/wanderlust",
            "identity": [
              {
                "identity_ids": [],
                "principal_id": "890dfdb4-9d11-4162-b641-1f011dfda684",
                "tenant_id": "b2a8b992-b486-44bd-afd3-3fd6d95359da",
                "type": "SystemAssigned"
              }
            ],
            "image_cleaner_enabled": false,
            "image_cleaner_interval_hours": 48,
            "ingress_application_gateway": [],
            "key_management_service": [],
            "key_vault_secrets_provider": [],
            "kube_admin_config": [],
            "kube_admin_config_raw": "",
            "kube_config": [
              {
                "client_certificate": "LS0tLS1CRUdJTiBDRVJUSUZJQ0FURS0tLS0tCk1JSUZIakNDQXdhZ0F3SUJBZ0lSQUlRUzdMV3BkRjY1Sy9qNnVmS1hrbWd3RFFZSktvWklodmNOQVFFTEJRQXcKRFRFTE1Ba0dBMVVFQXhNQ1kyRXdIaGNOTWpZd056RXpNVEkwTURRNFdoY05Namd3TnpFek1USTFNRFE0V2pBdwpNUmN3RlFZRFZRUUtFdzV6ZVhOMFpXMDZiV0Z6ZEdWeWN6RVZNQk1HQTFVRUF4TU1iV0Z6ZEdWeVkyeHBaVzUwCk1JSUNJakFOQmdrcWhraUc5dzBCQVFFRkFBT0NBZzhBTUlJQ0NnS0NBZ0VBeEhJdCswWlhlTktCR290Ymo1QWwKR21wRVBaNlM0RE15YnVGTitSeU1sUFB0bjFvb3lUVkxGUGdhQ0xmakxuR0x4aGMrT2FrWlE3R3NtdzV3d01EYgpNa3BZOGZsMTQ5WWNBTWp3NmdpSjE2blpWVGx1WFB4enZWTjNXMDVZY3VOd2pTaVl6ZVlrK3JRSzVaSE93L1VKCjFoL21tMSt1YU9kNEFkcUxVMXdKZFlHRHRlTWxFSUh3OTJtMFFJQlhxSFlVeHJ4Y0tHajBHK1p4QzZBL3VyNUoKREQ4Rm0xL3ZFZThPcUg5RWNSZ0dVdDB4eVJ0VnlTQ3RHZXo5L2hoTk5zZHkrVEYrMGJubGdqb2RlOWljakZ0NQpPWmh5aUNrY1F5Ty80akt0RlhtRUphSEJ2WWFjczZxU3hKUWFwa2lWMWExczBneGYwZzFiLzJJKzgyQUNsdTBkCmFMZFROY0U1cklwdXoxRmNMcVdCRU5SNGdua0hxeWpuRUhZVzFPNEtTdjZXVjhJaitPaEU5cE5aOTVHbG5ranAKa1JZMDVjNkU3cHdVbHhuTUE5SXNyd2ZtR0dKUUJDMVIvc004ZXRjb0g2VDdYSVFYbmhLUUtsazYvdk4yeDRnMQpFUzBSaHZuSkhEZUR3RjRXSTZIUkdFbUUxcHRxdWtlSnl6Zk1DbWVnQ3RaMXc5Wis2NkFxWlM3NG42Y1dVK3pZCnBBU2wwVjg5MWFUcGdidDFmeWJnbzBYSVpwcjYzSytYZkYzZ2FMWmNKSFREa0ZUclpMem92dGFpSnRnVEMzV2MKM3dHUFhUZWZCd1Jzd09FTkZTWnhoTnlUVnhOeFFXYVdUTzlnMkRydFpaemg3ZjRTQlpVREJ5NGRGN2hyT20zcAp1YmI2dm9DcktuSWNmbEdtQmZtUkdFc0NBd0VBQWFOV01GUXdEZ1lEVlIwUEFRSC9CQVFEQWdXZ01CTUdBMVVkCkpRUU1NQW9HQ0NzR0FRVUZCd01DTUF3R0ExVWRFd0VCL3dRQ01BQXdId1lEVlIwakJCZ3dGb0FVV0RRT3VDZW8KdGttQ09JblpxQ21aeFd5czA4NHdEUVlKS29aSWh2Y05BUUVMQlFBRGdnSUJBSEtlOFZYdW9mQ0FOVVRsTXpDdApYRzd3RkltRVNrZzhIdE8rdGFFODdtbXJRSWNjbTdHOEJZWmVQdWgrUGRlcTdYMThiejFZOFpidnc5a3BIeHJkCk1Ca3FwNHA1RlF4a1dBUG03MzFGOTJOT2ZKV0c1WjRTRFBmd3JxL0dBWmFQd3ZBMzBydlpkUTNNWVhaNzBtZmoKRFF2ZGZ1clpGMFV1OGw0VFVXZUF5bno3dlM5b2xrTFdubHgzTTBjN09kK1grRDZsSXIvTjBON2hJaTgwY3FERgpmQ2JyV0p3ZmhlMjFUcGN3RDdlS294TDRKUWxCa1lMUUc5TUoxZUd2cTB2UE9IdDRleWExOW5Uc1lRUTVUVW44Clk3MTdPRCsrQ21rOXdOcytLSjFLWCtQSE1mSTVjbXpsMFJQSSsyaHFkQWJuTE5ZTDN2ZERWK29oYjczMWk2R0gKTGZveVlCU3UxVExhSVNCM2REWWFveG1KTC90SllZSnU3WFJNcVkwZENwUkhzWi9OMGJJSlYxS01pdVZnVHExWgpEYk9CQzB2YnFhcTczRGRYSzllMVVJMmZzRXhHVDdYWHNMOVhIcExwcS9pRVVMaFNsUnRvQ1R3NGFsMTB1dWR3CnBJd01DWTQ1bUpMMUlCZlRPQ3B2QzR0MFlaZGtvREI0VGZ6OGtQWTFzdm5lNml2TDgycWo4M1NGdHJHK0FXa1AKMkFHSEg0S2o2UVBqS2ZEamRsc0dVYXVqVjVPN2JFRmlPVnZyWittWjNDZFh6L2x5MmR5Qk1QNWVuS1hSUmlZWApKK3lFUXVyY0JWbXNuc3FCYUd4SGJFTG1LbjBLS0x2dC9Ud1p0YytzQklaWXVWWnZQRkRGTFhsSktPc1kyTEt1Clo1QUZUSU9zS3FsS2N4L0NYYnZmb0JVUAotLS0tLUVORCBDRVJUSUZJQ0FURS0tLS0tCg==",
                "client_key": "LS0tLS1CRUdJTiBSU0EgUFJJVkFURSBLRVktLS0tLQpNSUlKSmdJQkFBS0NBZ0VBeEhJdCswWlhlTktCR290Ymo1QWxHbXBFUFo2UzRETXlidUZOK1J5TWxQUHRuMW9vCnlUVkxGUGdhQ0xmakxuR0x4aGMrT2FrWlE3R3NtdzV3d01EYk1rcFk4ZmwxNDlZY0FNanc2Z2lKMTZuWlZUbHUKWFB4enZWTjNXMDVZY3VOd2pTaVl6ZVlrK3JRSzVaSE93L1VKMWgvbW0xK3VhT2Q0QWRxTFUxd0pkWUdEdGVNbApFSUh3OTJtMFFJQlhxSFlVeHJ4Y0tHajBHK1p4QzZBL3VyNUpERDhGbTEvdkVlOE9xSDlFY1JnR1V0MHh5UnRWCnlTQ3RHZXo5L2hoTk5zZHkrVEYrMGJubGdqb2RlOWljakZ0NU9aaHlpQ2tjUXlPLzRqS3RGWG1FSmFIQnZZYWMKczZxU3hKUWFwa2lWMWExczBneGYwZzFiLzJJKzgyQUNsdTBkYUxkVE5jRTVySXB1ejFGY0xxV0JFTlI0Z25rSApxeWpuRUhZVzFPNEtTdjZXVjhJaitPaEU5cE5aOTVHbG5ranBrUlkwNWM2RTdwd1VseG5NQTlJc3J3Zm1HR0pRCkJDMVIvc004ZXRjb0g2VDdYSVFYbmhLUUtsazYvdk4yeDRnMUVTMFJodm5KSERlRHdGNFdJNkhSR0VtRTFwdHEKdWtlSnl6Zk1DbWVnQ3RaMXc5Wis2NkFxWlM3NG42Y1dVK3pZcEFTbDBWODkxYVRwZ2J0MWZ5YmdvMFhJWnByNgozSytYZkYzZ2FMWmNKSFREa0ZUclpMem92dGFpSnRnVEMzV2Mzd0dQWFRlZkJ3UnN3T0VORlNaeGhOeVRWeE54ClFXYVdUTzlnMkRydFpaemg3ZjRTQlpVREJ5NGRGN2hyT20zcHViYjZ2b0NyS25JY2ZsR21CZm1SR0VzQ0F3RUEKQVFLQ0FmOEtFR3o3M3VPY1Z0MjhpRC9QL1lpdUF2N0t4dWlydXk3UWE3cUpFb0VObHF5elg3bmVsUTJjU2xTOApXSzlvYk1zOFpLV3Q3QmxwR1gvdmhXR1FMN09vcnJCQ1V0NFA2Nk5Jam1WVElmVjN2bTBmRGlyS2hSRExYVjNKCjQycmZzd0pXRWFEV0pxOWIyZkVySUg1dGQrOFM2N2JhOENsL1NnMitXVlpuZ3BTRFV4VjJNamE5djB6eHJyMlgKTGVoamRCOWhTakZ1ZmhsbDhnL0U0Vk5PMFpnN09aemVzWXVFR3NVUnlTU2E5VzduV2J4NEpORFQvUW5OanlWMApFRlNCNWovTWNNYU9nZTNBS29qT1QzdmRGM0FvVWYremcvR0NhMXhMdW1DWjFwWU1IRzZmVU8yTzVGOTVLT0kwCm9xcTd0QWxMZm40dkp6RktkOXVhWVViN3d6M0lPYjQyeTRrY25UTnBIa05uWW9Xb0hkVW1MY2NKL2JySHNkLzcKOTdEMkxLV0c5b09KNUs4c0Q2ZldoRXNhdTZWS0p4YmhrVnkvS3dRNzd0aUl2cXAyYUVXNjhPbGhjM0dYNFcyVQplclFMMFlmbWJVZW5WQUtWbGdSdUJsbCtZbG5GOTdSZUJCQXpyNDVVTXhnaXkzVDhqaG1OeGFjQ3h1V01jekE5CjZrVHdqTEJJd04rZ3dsbkJQQld6Vk5OYVIzamNXNDFSc21nK1VaWnVwNCtpcjF3ZTZuUFRwdWlqZktFR0poS08KSDYrNSs1MDl4Y1pFaUhwejFQRzFnSnh2ZmdNWEhrSC9yMlYrVEhiMXJLTjgwSXpMeFRjTTJzcytjTXdKbW05OAoza2ZrNFhTZjRHTjFnS3dpMUdRSUtyVS91NUNsbDcrbkJrREk4SmtrOVBDMFdCVGhBb0lCQVFENFY1OFFQL0NOClpvSUY5ZkVNZldIRG1uN2V3TkVCVkN5cEhqcWhmWTJSalA5VEwzR053KzE2TzlMcFhHZi8zb0p1R0xBd3pHS3AKWFF6RDFna1BpSGJjUzhmRGdPTGF3TFlVUHArcFFuaHdmN2J6emVhYXpDSDFKZXVlZ1FwcjZJMmt3N25IYXp3NQoyZ1Z0YjQ1VVVQTzhyQlNaMFBUU0dIckt3ZlVPdkJ6eXhqTWNmcmNpcXpYWmdwUmIyd3pVYWVyb2x0YzMrd1ltCkVCVDdpVzhFNlNtOWhNbFYxTDBYeDBhTTZvdE9lRFQ5WXJGRHhHWXYvVFlycFk3elBtd2xiaDM1VlJmUi9ETkoKSU1vQnAxR0VIK0J4RXo1Rk9JMHB1LzRieHh0L2FPRXRrbjN3ZDdFU01uSCtHZ24vSFJQbGFINGtQT0xjR1VDbgpBdzFMMjhobDJzSmhBb0lCQVFES2dPV0drUExmcUhvZDlyT1M4OXVuK1J3bldGOEx6dWtIZ1g2WDgzaTZnSWZZCkFnTEpBK05HaFhZZ0Y0emJEeDZhdExMc1RRNjhCNGJSQmFLb054SDB0K2xiZWdYNXA3RjJSVEhTQ0hDNkhJcWMKaWpXNzQ4VXpqYUttbDRsQVhuWFFEalhBSEJCdWZxYnY1ZHBJcnpRVWk0ODBZVEx4bmdKWEpSNldPNWpXckEyNgpyTy9Wd0RtdUxQeHFRTEhvRFdZWlFaUnpLL09nTFJ6ekdqUGVmZVRDNU1xSEh2TVY5OG1MZ3NiT2g0UFBVZnhOCnAxV2pKTjcwVXVIQ0RpT3RpN3c4dlo1WXFwcWUxaysvY3g2aVZqMVNndGtpVjgvdyt3UXl1RDN2VkpyT2xlZXgKd2xPaUNHN2NLRW9vL0hhRW9Oem5YTHRKVXRIQ0hvMzZZUDQ0aTdJckFvSUJBRXc5MmorSzRiY0hlWE9MQmUzbgpzRlAwNG01UWs5bnNsYWwxOWxvTnlhQ2R3T1V3ODVPcVN3WHp4OVNNNGdEVHR3ZEYzUkdlTGN3QkhTSWlXN1hCCkYzeWFaMEhHRjk5QXVxV01kRWZxZUQ5UmRrRnpQUkRaQ3JQUWFIM0k4QUlnNnh0aVcyNjFwVSs5ZDEwWm1vQ1kKT2J2NnVIaGdoa2paNnhqRVl3K2JBT2dub1JsbWJhTGZIVEVodlpwVnJhS293YzJXUVl5V0xGVVRLdDN1VzM4TwpkaG9RNGg3UHFSM2J0L1ViTEpseW5oSU1jbzl6aEV2SFdSSWRTYjJ6dEUvcGRwcE5YWHJDQ3B5d3pGT2xvb2tGCm9Fb1d0azlhQlR5QzBvaUVvQlNGaGx3UFZVcTE5RTY1M2ZVODJVVFJFSUtsaWRSbVBOK0ZnU3ZFN0JnVjZYZ2IKcVFFQ2dnRUFmZUIxekpvWmZ4SFpKdnNOVVJHb3Z0ZEl1dVJoNEpNem8yakphbWI3NnVLdWpvVmhlZGFpMWxscgp2ak1sYVo0U1poUmhEQ1l5UEl0cE1GRVNkUUlXZFVwRkVvbmRZUHp1Z1JndUNlTVpQM2N5YW5BM1NwNGhIUlN6CndGNStBTGMzQUtkMG5nQlQ3bnRvQmNPWlZva2lGSXRUN3psa1UzRG0vNGloWkwyVEdnNUZVbjdoYnJ0WW4zNXoKUVJFS0JiY2VlaUNieUtQUGd3Zkg4UTJlcEhVWldGU2oyQzVTNkpyb2U0SkZWbWhDZFFML2xMMnByQW5sVlhhWAp3dXJMSHJ1M3ZRSVpoZ0Eyc1BtREJQem9VL3pMalppc3BINTFVZFNYSFhnTmQ5SGRrUUQ1enpOK2pVQTB1VUdLCko4UVhZQVltaXVMSHdLSnNwUUFkUFVCQmhxQy9sUUtDQVFBL2VOcDJ4M3ZHTCtXeUI5K0RtYlpFTS84cHYxZEwKZXdmUS9lTWJaL0M3TE0rSVNQbVF6ZWUwNG1hdzVRSkhhUG9CVGVpVzlDRDVYUVhFNjI0TEpzalV2aWlTdDR2awpjckpEM2h3bXJsQ1dkQWVQZ01md00xaDV2NTVuWDVKSmhQc1VkTXZvNnVlL3NSd21FNVcvaHZFbGl0QWhwc3NVCkdCYWVVcGd0eE1qV3B4V0s0VTlSQ3c4dHRNL0hSOGlRTVBJU0FaWUI5OVFubWdVdTcvR0ZtRmU3YVBUcld1RUcKKzduU1F1RkhyVDhVeUVXNG9VdlBySGRYdElvVGNBSDlPbDlWTUxyeUNNT2tYamxqUDdPd0haeDk0ZlA5emQ4KwpHaFZBcloyZ1FUUUtpcFVpeTJuNUVEeTRxOXVrU3BJRXFoS3lzc1ozY2pXcTJrWjVDRXZCeFZOegotLS0tLUVORCBSU0EgUFJJVkFURSBLRVktLS0tLQo=",
                "cluster_ca_certificate": "LS0tLS1CRUdJTiBDRVJUSUZJQ0FURS0tLS0tCk1JSUU2VENDQXRHZ0F3SUJBZ0lSQU1XNEJYdEdTUTVQdExZOWtiTVg5SXN3RFFZSktvWklodmNOQVFFTEJRQXcKRFRFTE1Ba0dBMVVFQXhNQ1kyRXdJQmNOTWpZd056RXpNVEkwTURRNFdoZ1BNakExTmpBM01UTXhNalV3TkRoYQpNQTB4Q3pBSkJnTlZCQU1UQW1OaE1JSUNJakFOQmdrcWhraUc5dzBCQVFFRkFBT0NBZzhBTUlJQ0NnS0NBZ0VBCjBxNVB6MFdCSG1qQmhRd0ExMXp5Z2hNTkJSQVJGdWR2RXdrUU1BcnBzeFdzMVpFUlpTS0dENkhCektzOXNzRjMKKzBFak1pcHNySjlmSXdNM0VvY1NLemdVbnBOTDNzcnlnZ0YyYlFsUUcrL2pIWExvVnRWRW14bE5YYnlCbDgrMwo5RFVWWDBhYWpuYWVYcjVBdFhtK3AxZ0QvUDhNdi9WTDFKUkpiYWpKVUt5ZlFxdXZFVmhvMWc1SExycVJWbXFGCnE2SEFIWmdoc2p4ajF6OW9UbWxMemlrL3AzU0JSNlZsVjFBd1REdTdheVBKcWpJWWxORlc2STR1SFZ2K1didlEKbGNjRHNqeEFEVVpkSEd5dWJrZG5QcklpOU50R2k3d0R3ZzhlV2dDNzlMMUswUDdmZTJ5dXpXak5DM016WHg5SgoxUDNjRE9WcmlLOS9uaXVDL3loVnNhU1lUSnQvL1VOT3JVTDZGRGN2WjNuaGd2b0dBVUs2NUVtbE5jU244dFZGCmpZV285SEVzT0tNQ2NVY3R5OW03TVR4YnYrK3Nid0d0SUxUNVhtWGczN0NjbGtRZmNMaHp6Y1d4M1dhUm1uMVEKc3VscFE5RnIxTnpNUXhKUnR1N3JlRTZoSWVBYVJZMk05bDFhRERiMDZZMytJMm5QLzdmRjVSUjk2UkV6R1NUVgpDSUtRbjhUek9HWFZ5SEl4Q25Iem8zekI5dVJZZ2JuWXJGZExtdDdnTG0zMUNIZmhnZ0N2dGRpQnhBQTVLK3FYCjhLZUVsclVzVERjL2I3Ky9xdW1XUkEyQkt6ZzJkU0VuMnFKbHY3RTZSRFE0dkRiUVAwUFdDUGpYZGpFaExob1IKL0xqdXBlN2pFQ1hyZExWNFF6eE02MFpKeStTSitQam9xd0h0c2N0V2doc0NBd0VBQWFOQ01FQXdEZ1lEVlIwUApBUUgvQkFRREFnS2tNQThHQTFVZEV3RUIvd1FGTUFNQkFmOHdIUVlEVlIwT0JCWUVGRmcwRHJnbnFMWkpnamlKCjJhZ3BtY1Zzck5QT01BMEdDU3FHU0liM0RRRUJDd1VBQTRJQ0FRQkYyOHVmd0YxTDlxNk0rUGJtSUdsVnkxMmwKUFVWYVlKaEhMSmdyaldXZSs5R0dhbmRLTlJuaHVRSGFUSHY2TVEwaE5PdG5zeUFCaVVDU1lmZGxsS1RscUl4NwpTNkxPZ1hyTWYySnd5V2IvZFEwVlN2YnQ3UytYR0lrMER5ZGgvK0RNV1kzQnI4alVQUElYVEpmSG9Eb3hCdG9DCi80ZktrYVhYVnd4OUR2V1c3bzZ0Z0x2dlhQOTNMM21CYkRGdVJvOCs5Vk1QQkFYUFd1M3F6cDFFWDhWOGhscVkKUGYrRERLUVVmR3VuSithWUQ5Y3M3UnRpTkFnUVVHNnB2RG1UOHNjcERydkt6Y0VGTDk2RFdCTStKOHVyc1hIeAp1QWtTUm9ES1FuTFRCc0NBTzc2WmxiMElHWExoL1Q3T2ZEUzZ2MG1NdzJHRCtIaFZISDRQSTBnRGpDMFRCUVRoClBFT212V0YxZ1hVTWJ6b1FobzdvdG1oejYrTUE5dFIvbk5teHJmY0gvM1RwK3hCL2dNMUZ2MXU5alZSRW1mQ1AKdlA5VjhrNEFOeE5lTkJBTkJyUVZ1MThRY3V0aHo0SE01WmMzSnZjZkdieDgxSkUwWmpvYVZldGJKSVNmU21ocAowYThNanJxZmRqT1hxTjRNb0FCRVAwNXJpUUZMbWZrWWgvWE5oTUpmWUVSV3B2Y0NXcXkvNGlkQzBxUVJkbmhIClpoK1hPemdYV3Jsc21LZCtWQzRaaCtDQXFtOG5qTzdNUzZCU3VISmJJSDEyNU13S0o3YzMvSFgxZTIwSnVVdDMKUFM1SnM5eDNqalRsSWtHZFlNQjR5bmh4VkRSdklReENoK1YybXI1MkRmdUZCM2ZwbUMyNkU3T1htUG9XaTdMYQp1T24rc1pYYTg5U3BLQWJIK1E9PQotLS0tLUVORCBDRVJUSUZJQ0FURS0tLS0tCg==",
                "host": "https://wanderlust-th3jcpm1.hcp.westus2.azmk8s.io:443",
                "password": "9ta22zodkveffn4s6y7j803j6n0denvy6npxhp5jbtgz8druso5h8yty2g336cpcmiekamgacjbsmp2fzbtsmbcwp0bbp559bjj1duc08mcbl7a6gy3b5z05ngdavv3t",
                "username": "clusterUser_wanderlust-rg_wanderlust"
              }
            ],
            "kube_config_raw": "apiVersion: v1\nclusters:\n- cluster:\n    certificate-authority-data: LS0tLS1CRUdJTiBDRVJUSUZJQ0FURS0tLS0tCk1JSUU2VENDQXRHZ0F3SUJBZ0lSQU1XNEJYdEdTUTVQdExZOWtiTVg5SXN3RFFZSktvWklodmNOQVFFTEJRQXcKRFRFTE1Ba0dBMVVFQXhNQ1kyRXdJQmNOTWpZd056RXpNVEkwTURRNFdoZ1BNakExTmpBM01UTXhNalV3TkRoYQpNQTB4Q3pBSkJnTlZCQU1UQW1OaE1JSUNJakFOQmdrcWhraUc5dzBCQVFFRkFBT0NBZzhBTUlJQ0NnS0NBZ0VBCjBxNVB6MFdCSG1qQmhRd0ExMXp5Z2hNTkJSQVJGdWR2RXdrUU1BcnBzeFdzMVpFUlpTS0dENkhCektzOXNzRjMKKzBFak1pcHNySjlmSXdNM0VvY1NLemdVbnBOTDNzcnlnZ0YyYlFsUUcrL2pIWExvVnRWRW14bE5YYnlCbDgrMwo5RFVWWDBhYWpuYWVYcjVBdFhtK3AxZ0QvUDhNdi9WTDFKUkpiYWpKVUt5ZlFxdXZFVmhvMWc1SExycVJWbXFGCnE2SEFIWmdoc2p4ajF6OW9UbWxMemlrL3AzU0JSNlZsVjFBd1REdTdheVBKcWpJWWxORlc2STR1SFZ2K1didlEKbGNjRHNqeEFEVVpkSEd5dWJrZG5QcklpOU50R2k3d0R3ZzhlV2dDNzlMMUswUDdmZTJ5dXpXak5DM016WHg5SgoxUDNjRE9WcmlLOS9uaXVDL3loVnNhU1lUSnQvL1VOT3JVTDZGRGN2WjNuaGd2b0dBVUs2NUVtbE5jU244dFZGCmpZV285SEVzT0tNQ2NVY3R5OW03TVR4YnYrK3Nid0d0SUxUNVhtWGczN0NjbGtRZmNMaHp6Y1d4M1dhUm1uMVEKc3VscFE5RnIxTnpNUXhKUnR1N3JlRTZoSWVBYVJZMk05bDFhRERiMDZZMytJMm5QLzdmRjVSUjk2UkV6R1NUVgpDSUtRbjhUek9HWFZ5SEl4Q25Iem8zekI5dVJZZ2JuWXJGZExtdDdnTG0zMUNIZmhnZ0N2dGRpQnhBQTVLK3FYCjhLZUVsclVzVERjL2I3Ky9xdW1XUkEyQkt6ZzJkU0VuMnFKbHY3RTZSRFE0dkRiUVAwUFdDUGpYZGpFaExob1IKL0xqdXBlN2pFQ1hyZExWNFF6eE02MFpKeStTSitQam9xd0h0c2N0V2doc0NBd0VBQWFOQ01FQXdEZ1lEVlIwUApBUUgvQkFRREFnS2tNQThHQTFVZEV3RUIvd1FGTUFNQkFmOHdIUVlEVlIwT0JCWUVGRmcwRHJnbnFMWkpnamlKCjJhZ3BtY1Zzck5QT01BMEdDU3FHU0liM0RRRUJDd1VBQTRJQ0FRQkYyOHVmd0YxTDlxNk0rUGJtSUdsVnkxMmwKUFVWYVlKaEhMSmdyaldXZSs5R0dhbmRLTlJuaHVRSGFUSHY2TVEwaE5PdG5zeUFCaVVDU1lmZGxsS1RscUl4NwpTNkxPZ1hyTWYySnd5V2IvZFEwVlN2YnQ3UytYR0lrMER5ZGgvK0RNV1kzQnI4alVQUElYVEpmSG9Eb3hCdG9DCi80ZktrYVhYVnd4OUR2V1c3bzZ0Z0x2dlhQOTNMM21CYkRGdVJvOCs5Vk1QQkFYUFd1M3F6cDFFWDhWOGhscVkKUGYrRERLUVVmR3VuSithWUQ5Y3M3UnRpTkFnUVVHNnB2RG1UOHNjcERydkt6Y0VGTDk2RFdCTStKOHVyc1hIeAp1QWtTUm9ES1FuTFRCc0NBTzc2WmxiMElHWExoL1Q3T2ZEUzZ2MG1NdzJHRCtIaFZISDRQSTBnRGpDMFRCUVRoClBFT212V0YxZ1hVTWJ6b1FobzdvdG1oejYrTUE5dFIvbk5teHJmY0gvM1RwK3hCL2dNMUZ2MXU5alZSRW1mQ1AKdlA5VjhrNEFOeE5lTkJBTkJyUVZ1MThRY3V0aHo0SE01WmMzSnZjZkdieDgxSkUwWmpvYVZldGJKSVNmU21ocAowYThNanJxZmRqT1hxTjRNb0FCRVAwNXJpUUZMbWZrWWgvWE5oTUpmWUVSV3B2Y0NXcXkvNGlkQzBxUVJkbmhIClpoK1hPemdYV3Jsc21LZCtWQzRaaCtDQXFtOG5qTzdNUzZCU3VISmJJSDEyNU13S0o3YzMvSFgxZTIwSnVVdDMKUFM1SnM5eDNqalRsSWtHZFlNQjR5bmh4VkRSdklReENoK1YybXI1MkRmdUZCM2ZwbUMyNkU3T1htUG9XaTdMYQp1T24rc1pYYTg5U3BLQWJIK1E9PQotLS0tLUVORCBDRVJUSUZJQ0FURS0tLS0tCg==\n    server: https://wanderlust-th3jcpm1.hcp.westus2.azmk8s.io:443\n  name: wanderlust\ncontexts:\n- context:\n    cluster: wanderlust\n    user: clusterUser_wanderlust-rg_wanderlust\n  name: wanderlust\ncurrent-context: wanderlust\nkind: Config\nusers:\n- name: clusterUser_wanderlust-rg_wanderlust\n  user:\n    client-certificate-data: LS0tLS1CRUdJTiBDRVJUSUZJQ0FURS0tLS0tCk1JSUZIakNDQXdhZ0F3SUJBZ0lSQUlRUzdMV3BkRjY1Sy9qNnVmS1hrbWd3RFFZSktvWklodmNOQVFFTEJRQXcKRFRFTE1Ba0dBMVVFQXhNQ1kyRXdIaGNOTWpZd056RXpNVEkwTURRNFdoY05Namd3TnpFek1USTFNRFE0V2pBdwpNUmN3RlFZRFZRUUtFdzV6ZVhOMFpXMDZiV0Z6ZEdWeWN6RVZNQk1HQTFVRUF4TU1iV0Z6ZEdWeVkyeHBaVzUwCk1JSUNJakFOQmdrcWhraUc5dzBCQVFFRkFBT0NBZzhBTUlJQ0NnS0NBZ0VBeEhJdCswWlhlTktCR290Ymo1QWwKR21wRVBaNlM0RE15YnVGTitSeU1sUFB0bjFvb3lUVkxGUGdhQ0xmakxuR0x4aGMrT2FrWlE3R3NtdzV3d01EYgpNa3BZOGZsMTQ5WWNBTWp3NmdpSjE2blpWVGx1WFB4enZWTjNXMDVZY3VOd2pTaVl6ZVlrK3JRSzVaSE93L1VKCjFoL21tMSt1YU9kNEFkcUxVMXdKZFlHRHRlTWxFSUh3OTJtMFFJQlhxSFlVeHJ4Y0tHajBHK1p4QzZBL3VyNUoKREQ4Rm0xL3ZFZThPcUg5RWNSZ0dVdDB4eVJ0VnlTQ3RHZXo5L2hoTk5zZHkrVEYrMGJubGdqb2RlOWljakZ0NQpPWmh5aUNrY1F5Ty80akt0RlhtRUphSEJ2WWFjczZxU3hKUWFwa2lWMWExczBneGYwZzFiLzJJKzgyQUNsdTBkCmFMZFROY0U1cklwdXoxRmNMcVdCRU5SNGdua0hxeWpuRUhZVzFPNEtTdjZXVjhJaitPaEU5cE5aOTVHbG5ranAKa1JZMDVjNkU3cHdVbHhuTUE5SXNyd2ZtR0dKUUJDMVIvc004ZXRjb0g2VDdYSVFYbmhLUUtsazYvdk4yeDRnMQpFUzBSaHZuSkhEZUR3RjRXSTZIUkdFbUUxcHRxdWtlSnl6Zk1DbWVnQ3RaMXc5Wis2NkFxWlM3NG42Y1dVK3pZCnBBU2wwVjg5MWFUcGdidDFmeWJnbzBYSVpwcjYzSytYZkYzZ2FMWmNKSFREa0ZUclpMem92dGFpSnRnVEMzV2MKM3dHUFhUZWZCd1Jzd09FTkZTWnhoTnlUVnhOeFFXYVdUTzlnMkRydFpaemg3ZjRTQlpVREJ5NGRGN2hyT20zcAp1YmI2dm9DcktuSWNmbEdtQmZtUkdFc0NBd0VBQWFOV01GUXdEZ1lEVlIwUEFRSC9CQVFEQWdXZ01CTUdBMVVkCkpRUU1NQW9HQ0NzR0FRVUZCd01DTUF3R0ExVWRFd0VCL3dRQ01BQXdId1lEVlIwakJCZ3dGb0FVV0RRT3VDZW8KdGttQ09JblpxQ21aeFd5czA4NHdEUVlKS29aSWh2Y05BUUVMQlFBRGdnSUJBSEtlOFZYdW9mQ0FOVVRsTXpDdApYRzd3RkltRVNrZzhIdE8rdGFFODdtbXJRSWNjbTdHOEJZWmVQdWgrUGRlcTdYMThiejFZOFpidnc5a3BIeHJkCk1Ca3FwNHA1RlF4a1dBUG03MzFGOTJOT2ZKV0c1WjRTRFBmd3JxL0dBWmFQd3ZBMzBydlpkUTNNWVhaNzBtZmoKRFF2ZGZ1clpGMFV1OGw0VFVXZUF5bno3dlM5b2xrTFdubHgzTTBjN09kK1grRDZsSXIvTjBON2hJaTgwY3FERgpmQ2JyV0p3ZmhlMjFUcGN3RDdlS294TDRKUWxCa1lMUUc5TUoxZUd2cTB2UE9IdDRleWExOW5Uc1lRUTVUVW44Clk3MTdPRCsrQ21rOXdOcytLSjFLWCtQSE1mSTVjbXpsMFJQSSsyaHFkQWJuTE5ZTDN2ZERWK29oYjczMWk2R0gKTGZveVlCU3UxVExhSVNCM2REWWFveG1KTC90SllZSnU3WFJNcVkwZENwUkhzWi9OMGJJSlYxS01pdVZnVHExWgpEYk9CQzB2YnFhcTczRGRYSzllMVVJMmZzRXhHVDdYWHNMOVhIcExwcS9pRVVMaFNsUnRvQ1R3NGFsMTB1dWR3CnBJd01DWTQ1bUpMMUlCZlRPQ3B2QzR0MFlaZGtvREI0VGZ6OGtQWTFzdm5lNml2TDgycWo4M1NGdHJHK0FXa1AKMkFHSEg0S2o2UVBqS2ZEamRsc0dVYXVqVjVPN2JFRmlPVnZyWittWjNDZFh6L2x5MmR5Qk1QNWVuS1hSUmlZWApKK3lFUXVyY0JWbXNuc3FCYUd4SGJFTG1LbjBLS0x2dC9Ud1p0YytzQklaWXVWWnZQRkRGTFhsSktPc1kyTEt1Clo1QUZUSU9zS3FsS2N4L0NYYnZmb0JVUAotLS0tLUVORCBDRVJUSUZJQ0FURS0tLS0tCg==\n    client-key-data: LS0tLS1CRUdJTiBSU0EgUFJJVkFURSBLRVktLS0tLQpNSUlKSmdJQkFBS0NBZ0VBeEhJdCswWlhlTktCR290Ymo1QWxHbXBFUFo2UzRETXlidUZOK1J5TWxQUHRuMW9vCnlUVkxGUGdhQ0xmakxuR0x4aGMrT2FrWlE3R3NtdzV3d01EYk1rcFk4ZmwxNDlZY0FNanc2Z2lKMTZuWlZUbHUKWFB4enZWTjNXMDVZY3VOd2pTaVl6ZVlrK3JRSzVaSE93L1VKMWgvbW0xK3VhT2Q0QWRxTFUxd0pkWUdEdGVNbApFSUh3OTJtMFFJQlhxSFlVeHJ4Y0tHajBHK1p4QzZBL3VyNUpERDhGbTEvdkVlOE9xSDlFY1JnR1V0MHh5UnRWCnlTQ3RHZXo5L2hoTk5zZHkrVEYrMGJubGdqb2RlOWljakZ0NU9aaHlpQ2tjUXlPLzRqS3RGWG1FSmFIQnZZYWMKczZxU3hKUWFwa2lWMWExczBneGYwZzFiLzJJKzgyQUNsdTBkYUxkVE5jRTVySXB1ejFGY0xxV0JFTlI0Z25rSApxeWpuRUhZVzFPNEtTdjZXVjhJaitPaEU5cE5aOTVHbG5ranBrUlkwNWM2RTdwd1VseG5NQTlJc3J3Zm1HR0pRCkJDMVIvc004ZXRjb0g2VDdYSVFYbmhLUUtsazYvdk4yeDRnMUVTMFJodm5KSERlRHdGNFdJNkhSR0VtRTFwdHEKdWtlSnl6Zk1DbWVnQ3RaMXc5Wis2NkFxWlM3NG42Y1dVK3pZcEFTbDBWODkxYVRwZ2J0MWZ5YmdvMFhJWnByNgozSytYZkYzZ2FMWmNKSFREa0ZUclpMem92dGFpSnRnVEMzV2Mzd0dQWFRlZkJ3UnN3T0VORlNaeGhOeVRWeE54ClFXYVdUTzlnMkRydFpaemg3ZjRTQlpVREJ5NGRGN2hyT20zcHViYjZ2b0NyS25JY2ZsR21CZm1SR0VzQ0F3RUEKQVFLQ0FmOEtFR3o3M3VPY1Z0MjhpRC9QL1lpdUF2N0t4dWlydXk3UWE3cUpFb0VObHF5elg3bmVsUTJjU2xTOApXSzlvYk1zOFpLV3Q3QmxwR1gvdmhXR1FMN09vcnJCQ1V0NFA2Nk5Jam1WVElmVjN2bTBmRGlyS2hSRExYVjNKCjQycmZzd0pXRWFEV0pxOWIyZkVySUg1dGQrOFM2N2JhOENsL1NnMitXVlpuZ3BTRFV4VjJNamE5djB6eHJyMlgKTGVoamRCOWhTakZ1ZmhsbDhnL0U0Vk5PMFpnN09aemVzWXVFR3NVUnlTU2E5VzduV2J4NEpORFQvUW5OanlWMApFRlNCNWovTWNNYU9nZTNBS29qT1QzdmRGM0FvVWYremcvR0NhMXhMdW1DWjFwWU1IRzZmVU8yTzVGOTVLT0kwCm9xcTd0QWxMZm40dkp6RktkOXVhWVViN3d6M0lPYjQyeTRrY25UTnBIa05uWW9Xb0hkVW1MY2NKL2JySHNkLzcKOTdEMkxLV0c5b09KNUs4c0Q2ZldoRXNhdTZWS0p4YmhrVnkvS3dRNzd0aUl2cXAyYUVXNjhPbGhjM0dYNFcyVQplclFMMFlmbWJVZW5WQUtWbGdSdUJsbCtZbG5GOTdSZUJCQXpyNDVVTXhnaXkzVDhqaG1OeGFjQ3h1V01jekE5CjZrVHdqTEJJd04rZ3dsbkJQQld6Vk5OYVIzamNXNDFSc21nK1VaWnVwNCtpcjF3ZTZuUFRwdWlqZktFR0poS08KSDYrNSs1MDl4Y1pFaUhwejFQRzFnSnh2ZmdNWEhrSC9yMlYrVEhiMXJLTjgwSXpMeFRjTTJzcytjTXdKbW05OAoza2ZrNFhTZjRHTjFnS3dpMUdRSUtyVS91NUNsbDcrbkJrREk4SmtrOVBDMFdCVGhBb0lCQVFENFY1OFFQL0NOClpvSUY5ZkVNZldIRG1uN2V3TkVCVkN5cEhqcWhmWTJSalA5VEwzR053KzE2TzlMcFhHZi8zb0p1R0xBd3pHS3AKWFF6RDFna1BpSGJjUzhmRGdPTGF3TFlVUHArcFFuaHdmN2J6emVhYXpDSDFKZXVlZ1FwcjZJMmt3N25IYXp3NQoyZ1Z0YjQ1VVVQTzhyQlNaMFBUU0dIckt3ZlVPdkJ6eXhqTWNmcmNpcXpYWmdwUmIyd3pVYWVyb2x0YzMrd1ltCkVCVDdpVzhFNlNtOWhNbFYxTDBYeDBhTTZvdE9lRFQ5WXJGRHhHWXYvVFlycFk3elBtd2xiaDM1VlJmUi9ETkoKSU1vQnAxR0VIK0J4RXo1Rk9JMHB1LzRieHh0L2FPRXRrbjN3ZDdFU01uSCtHZ24vSFJQbGFINGtQT0xjR1VDbgpBdzFMMjhobDJzSmhBb0lCQVFES2dPV0drUExmcUhvZDlyT1M4OXVuK1J3bldGOEx6dWtIZ1g2WDgzaTZnSWZZCkFnTEpBK05HaFhZZ0Y0emJEeDZhdExMc1RRNjhCNGJSQmFLb054SDB0K2xiZWdYNXA3RjJSVEhTQ0hDNkhJcWMKaWpXNzQ4VXpqYUttbDRsQVhuWFFEalhBSEJCdWZxYnY1ZHBJcnpRVWk0ODBZVEx4bmdKWEpSNldPNWpXckEyNgpyTy9Wd0RtdUxQeHFRTEhvRFdZWlFaUnpLL09nTFJ6ekdqUGVmZVRDNU1xSEh2TVY5OG1MZ3NiT2g0UFBVZnhOCnAxV2pKTjcwVXVIQ0RpT3RpN3c4dlo1WXFwcWUxaysvY3g2aVZqMVNndGtpVjgvdyt3UXl1RDN2VkpyT2xlZXgKd2xPaUNHN2NLRW9vL0hhRW9Oem5YTHRKVXRIQ0hvMzZZUDQ0aTdJckFvSUJBRXc5MmorSzRiY0hlWE9MQmUzbgpzRlAwNG01UWs5bnNsYWwxOWxvTnlhQ2R3T1V3ODVPcVN3WHp4OVNNNGdEVHR3ZEYzUkdlTGN3QkhTSWlXN1hCCkYzeWFaMEhHRjk5QXVxV01kRWZxZUQ5UmRrRnpQUkRaQ3JQUWFIM0k4QUlnNnh0aVcyNjFwVSs5ZDEwWm1vQ1kKT2J2NnVIaGdoa2paNnhqRVl3K2JBT2dub1JsbWJhTGZIVEVodlpwVnJhS293YzJXUVl5V0xGVVRLdDN1VzM4TwpkaG9RNGg3UHFSM2J0L1ViTEpseW5oSU1jbzl6aEV2SFdSSWRTYjJ6dEUvcGRwcE5YWHJDQ3B5d3pGT2xvb2tGCm9Fb1d0azlhQlR5QzBvaUVvQlNGaGx3UFZVcTE5RTY1M2ZVODJVVFJFSUtsaWRSbVBOK0ZnU3ZFN0JnVjZYZ2IKcVFFQ2dnRUFmZUIxekpvWmZ4SFpKdnNOVVJHb3Z0ZEl1dVJoNEpNem8yakphbWI3NnVLdWpvVmhlZGFpMWxscgp2ak1sYVo0U1poUmhEQ1l5UEl0cE1GRVNkUUlXZFVwRkVvbmRZUHp1Z1JndUNlTVpQM2N5YW5BM1NwNGhIUlN6CndGNStBTGMzQUtkMG5nQlQ3bnRvQmNPWlZva2lGSXRUN3psa1UzRG0vNGloWkwyVEdnNUZVbjdoYnJ0WW4zNXoKUVJFS0JiY2VlaUNieUtQUGd3Zkg4UTJlcEhVWldGU2oyQzVTNkpyb2U0SkZWbWhDZFFML2xMMnByQW5sVlhhWAp3dXJMSHJ1M3ZRSVpoZ0Eyc1BtREJQem9VL3pMalppc3BINTFVZFNYSFhnTmQ5SGRrUUQ1enpOK2pVQTB1VUdLCko4UVhZQVltaXVMSHdLSnNwUUFkUFVCQmhxQy9sUUtDQVFBL2VOcDJ4M3ZHTCtXeUI5K0RtYlpFTS84cHYxZEwKZXdmUS9lTWJaL0M3TE0rSVNQbVF6ZWUwNG1hdzVRSkhhUG9CVGVpVzlDRDVYUVhFNjI0TEpzalV2aWlTdDR2awpjckpEM2h3bXJsQ1dkQWVQZ01md00xaDV2NTVuWDVKSmhQc1VkTXZvNnVlL3NSd21FNVcvaHZFbGl0QWhwc3NVCkdCYWVVcGd0eE1qV3B4V0s0VTlSQ3c4dHRNL0hSOGlRTVBJU0FaWUI5OVFubWdVdTcvR0ZtRmU3YVBUcld1RUcKKzduU1F1RkhyVDhVeUVXNG9VdlBySGRYdElvVGNBSDlPbDlWTUxyeUNNT2tYamxqUDdPd0haeDk0ZlA5emQ4KwpHaFZBcloyZ1FUUUtpcFVpeTJuNUVEeTRxOXVrU3BJRXFoS3lzc1ozY2pXcTJrWjVDRXZCeFZOegotLS0tLUVORCBSU0EgUFJJVkFURSBLRVktLS0tLQo=\n    token: 9ta22zodkveffn4s6y7j803j6n0denvy6npxhp5jbtgz8druso5h8yty2g336cpcmiekamgacjbsmp2fzbtsmbcwp0bbp559bjj1duc08mcbl7a6gy3b5z05ngdavv3t\n",
            "kubelet_identity": [
              {
                "client_id": "c77627a1-e237-4c75-a8dd-ea972266f4ca",
                "object_id": "13ab1c39-1b93-4b1e-b9df-d170fc6c0f46",
                "user_assigned_identity_id": "/subscriptions/0b07168e-d010-4541-bfb3-371b1ae41ba6/resourceGroups/MC_wanderlust-rg_wanderlust_westus2/providers/Microsoft.ManagedIdentity/userAssignedIdentities/wanderlust-agentpool"
              }
            ],
            "kubernetes_version": "1.35",
            "linux_profile": [],
            "local_account_disabled": false,
            "location": "westus2",
            "maintenance_window": [],
            "maintenance_window_auto_upgrade": [],
            "maintenance_window_node_os": [],
            "microsoft_defender": [],
            "monitor_metrics": [],
            "name": "wanderlust",
            "network_profile": [
              {
                "dns_service_ip": "10.0.0.10",
                "docker_bridge_cidr": "",
                "ebpf_data_plane": "",
                "ip_versions": [
                  "IPv4"
                ],
                "load_balancer_profile": [
                  {
                    "effective_outbound_ips": [
                      "/subscriptions/0b07168e-d010-4541-bfb3-371b1ae41ba6/resourceGroups/MC_wanderlust-rg_wanderlust_westus2/providers/Microsoft.Network/publicIPAddresses/e0c635a6-f1a9-4c69-b2d4-e414092ccdea"
                    ],
                    "idle_timeout_in_minutes": 0,
                    "managed_outbound_ip_count": 1,
                    "managed_outbound_ipv6_count": 0,
                    "outbound_ip_address_ids": [],
                    "outbound_ip_prefix_ids": [],
                    "outbound_ports_allocated": 0
                  }
                ],
                "load_balancer_sku": "standard",
                "nat_gateway_profile": [],
                "network_data_plane": "azure",
                "network_mode": "",
                "network_plugin": "azure",
                "network_plugin_mode": "overlay",
                "network_policy": "",
                "outbound_ip_address_ids": [],
                "outbound_ip_prefix_ids": [],
                "outbound_type": "loadBalancer",
                "pod_cidr": "10.244.0.0/16",
                "pod_cidrs": [
                  "10.244.0.0/16"
                ],
                "service_cidr": "10.0.0.0/16",
                "service_cidrs": [
                  "10.0.0.0/16"
                ]
              }
            ],
            "node_os_channel_upgrade": null,
            "node_resource_group": "MC_wanderlust-rg_wanderlust_westus2",
            "node_resource_group_id": "/subscriptions/0b07168e-d010-4541-bfb3-371b1ae41ba6/resourceGroups/MC_wanderlust-rg_wanderlust_westus2",
            "oidc_issuer_enabled": true,
            "oidc_issuer_url": "https://westus2.oic.prod-aks.azure.com/b2a8b992-b486-44bd-afd3-3fd6d95359da/4f3d14f9-20ec-4487-ae73-8a1da91f8b61/",
            "oms_agent": [],
            "open_service_mesh_enabled": null,
            "portal_fqdn": "wanderlust-th3jcpm1.portal.hcp.westus2.azmk8s.io",
            "private_cluster_enabled": false,
            "private_cluster_public_fqdn_enabled": false,
            "private_dns_zone_id": "",
            "private_fqdn": "",
            "public_network_access_enabled": true,
            "resource_group_name": "wanderlust-rg",
            "role_based_access_control_enabled": true,
            "run_command_enabled": true,
            "service_mesh_profile": [],
            "service_principal": [],
            "sku_tier": "Free",
            "storage_profile": [],
            "support_plan": "KubernetesOfficial",
            "tags": {
              "Name": "wanderlust"
            },
            "timeouts": {
              "create": "150m",
              "delete": null,
              "read": null,
              "update": null
            },
            "web_app_routing": [],
            "windows_profile": [],
            "workload_autoscaler_profile": [],
            "workload_identity_enabled": false
          },
          "sensitive_attributes": [
            [
              {
                "type": "get_attr",
                "value": "kube_admin_config"
              }
            ],
            [
              {
                "type": "get_attr",
                "value": "kube_admin_config_raw"
              }
            ],
            [
              {
                "type": "get_attr",
                "value": "kube_config"
              }
            ],
            [
              {
                "type": "get_attr",
                "value": "kube_config_raw"
              }
            ]
          ],
          "identity_schema_version": 0,
          "private": "eyJlMmJmYjczMC1lY2FhLTExZTYtOGY4OC0zNDM2M2JjN2M0YzAiOnsiY3JlYXRlIjo5MDAwMDAwMDAwMDAwLCJkZWxldGUiOjU0MDAwMDAwMDAwMDAsInJlYWQiOjMwMDAwMDAwMDAwMCwidXBkYXRlIjo1NDAwMDAwMDAwMDAwfSwic2NoZW1hX3ZlcnNpb24iOiIyIn0=",
          "dependencies": [
            "azurerm_resource_group.wanderlust"
          ]
        }
      ]
    },
    {
      "mode": "managed",
      "type": "azurerm_linux_virtual_machine",
      "name": "jenkins_master",
      "provider": "provider[\"registry.terraform.io/hashicorp/azurerm\"]",
      "instances": [
        {
          "schema_version": 0,
          "attributes": {
            "additional_capabilities": [],
            "admin_password": null,
            "admin_ssh_key": [
              {
                "public_key": "ssh-rsa AAAAB3NzaC1yc2EAAAADAQABAAACAQC7vmmnxa6Rk562/xWEbbHsl5hvqcaxAjNV1ximro4N72o4J6GvZJ2g7Rvit5V5OxKRrhU83FvPB+MNy/zmpiSZDiOxwOsANqckBYlsDg6efMzP4doSz3Zu20/oJgcFi3zVJimv2kEDP1JLkRH1k/QSw/EBzVeKx23gCgnu2fVPV1/oDF/oDfK3zCrpSY91VmG35HiQP5H5/voQJbIFLwPvd/1Ctmnwze4/cLDlvILhwgmPPZ/ATtnd8mrirbGIJrmKMALoT3VT75xjrkXkFHIsBGU6e4iXcdq1DonTV/TWhxQGlvaeNp6kexCtKLUvquF/7nEBNKdITBKLwq4RmafCRls3UknEc/DwAMmq6o+BtSSoD34c8KM20SFVBTakVD+PWk90G+SpqwsvITDiDd31WxwCrQyNnauWphREoHKKXk1HfExOJcq+Gxq5NWx5KTAPlEk3gUfZcOSYwCFnMppgwc8MLawXdS+UvewDnf8nWXcQYhj1/dv0gTWplKY2CLMDwbIx3aVEjswlOa6Bnu+rmN/aC8OWRao1Zmm0YFtTG2/Je1qkZr7byjgXofEHfB5c+gny78KQF+4JAr5EgpJ0RZ30ozm3mSerDg2LtALJyMZz0Znaiole9KXirBZ8moVuh6+jHiZx0BeDvOOjTR5NQZ4TBNEjwp+kZRKJ6jmVlw== wanderlust-azure-jenkins-master\n",
                "username": "azureuser"
              }
            ],
            "admin_username": "azureuser",
            "allow_extension_operations": true,
            "availability_set_id": "",
            "boot_diagnostics": [],
            "bypass_platform_safety_checks_on_user_schedule_enabled": false,
            "capacity_reservation_group_id": "",
            "computer_name": "jenkins-master",
            "custom_data": null,
            "dedicated_host_group_id": "",
            "dedicated_host_id": "",
            "disable_password_authentication": true,
            "disk_controller_type": "SCSI",
            "edge_zone": "",
            "encryption_at_host_enabled": false,
            "eviction_policy": "",
            "extensions_time_budget": "PT1H30M",
            "gallery_application": [],
            "id": "/subscriptions/0b07168e-d010-4541-bfb3-371b1ae41ba6/resourceGroups/wanderlust-rg/providers/Microsoft.Compute/virtualMachines/jenkins-master",
            "identity": [],
            "license_type": "",
            "location": "westus2",
            "max_bid_price": -1,
            "name": "jenkins-master",
            "network_interface_ids": [
              "/subscriptions/0b07168e-d010-4541-bfb3-371b1ae41ba6/resourceGroups/wanderlust-rg/providers/Microsoft.Network/networkInterfaces/wanderlust-nic"
            ],
            "os_disk": [
              {
                "caching": "ReadWrite",
                "diff_disk_settings": [],
                "disk_encryption_set_id": "",
                "disk_size_gb": 30,
                "name": "jenkins-master_disk1_009f40e3cf9f482d8d1820c858dbbad7",
                "secure_vm_disk_encryption_set_id": "",
                "security_encryption_type": "",
                "storage_account_type": "Premium_LRS",
                "write_accelerator_enabled": false
              }
            ],
            "os_image_notification": [],
            "patch_assessment_mode": "ImageDefault",
            "patch_mode": "ImageDefault",
            "plan": [],
            "platform_fault_domain": -1,
            "priority": "Regular",
            "private_ip_address": "10.0.1.4",
            "private_ip_addresses": [
              "10.0.1.4"
            ],
            "provision_vm_agent": true,
            "proximity_placement_group_id": "",
            "public_ip_address": "20.236.37.26",
            "public_ip_addresses": [
              "20.236.37.26"
            ],
            "reboot_setting": "",
            "resource_group_name": "wanderlust-rg",
            "secret": [],
            "secure_boot_enabled": false,
            "size": "Standard_D2s_v3",
            "source_image_id": "",
            "source_image_reference": [
              {
                "offer": "0001-com-ubuntu-server-jammy",
                "publisher": "Canonical",
                "sku": "22_04-lts-gen2",
                "version": "latest"
              }
            ],
            "tags": {
              "Name": "jenkins-master"
            },
            "termination_notification": [],
            "timeouts": null,
            "user_data": "",
            "virtual_machine_id": "4ec04927-f233-4ad6-a44c-e44ab3cf6423",
            "virtual_machine_scale_set_id": "",
            "vm_agent_platform_updates_enabled": false,
            "vtpm_enabled": false,
            "zone": ""
          },
          "sensitive_attributes": [
            [
              {
                "type": "get_attr",
                "value": "admin_password"
              }
            ],
            [
              {
                "type": "get_attr",
                "value": "custom_data"
              }
            ]
          ],
          "identity_schema_version": 0,
          "private": "eyJlMmJmYjczMC1lY2FhLTExZTYtOGY4OC0zNDM2M2JjN2M0YzAiOnsiY3JlYXRlIjoyNzAwMDAwMDAwMDAwLCJkZWxldGUiOjI3MDAwMDAwMDAwMDAsInJlYWQiOjMwMDAwMDAwMDAwMCwidXBkYXRlIjoyNzAwMDAwMDAwMDAwfX0=",
          "dependencies": [
            "azurerm_network_interface.wanderlust",
            "azurerm_public_ip.wanderlust",
            "azurerm_resource_group.wanderlust",
            "azurerm_subnet.wanderlust",
            "azurerm_virtual_network.wanderlust"
          ]
        }
      ]
    },
    {
      "mode": "managed",
      "type": "azurerm_network_interface",
      "name": "wanderlust",
      "provider": "provider[\"registry.terraform.io/hashicorp/azurerm\"]",
      "instances": [
        {
          "schema_version": 0,
          "attributes": {
            "accelerated_networking_enabled": false,
            "applied_dns_servers": [],
            "auxiliary_mode": "",
            "auxiliary_sku": "",
            "dns_servers": [],
            "edge_zone": "",
            "enable_accelerated_networking": false,
            "enable_ip_forwarding": false,
            "id": "/subscriptions/0b07168e-d010-4541-bfb3-371b1ae41ba6/resourceGroups/wanderlust-rg/providers/Microsoft.Network/networkInterfaces/wanderlust-nic",
            "internal_dns_name_label": "",
            "internal_domain_name_suffix": "3l4canhnxuyehbxcnxjltoybeh.xx.internal.cloudapp.net",
            "ip_configuration": [
              {
                "gateway_load_balancer_frontend_ip_configuration_id": "",
                "name": "internal",
                "primary": true,
                "private_ip_address": "10.0.1.4",
                "private_ip_address_allocation": "Dynamic",
                "private_ip_address_version": "IPv4",
                "public_ip_address_id": "/subscriptions/0b07168e-d010-4541-bfb3-371b1ae41ba6/resourceGroups/wanderlust-rg/providers/Microsoft.Network/publicIPAddresses/wanderlust-public-ip",
                "subnet_id": "/subscriptions/0b07168e-d010-4541-bfb3-371b1ae41ba6/resourceGroups/wanderlust-rg/providers/Microsoft.Network/virtualNetworks/wanderlust-vnet/subnets/wanderlust-subnet"
              }
            ],
            "ip_forwarding_enabled": false,
            "location": "westus2",
            "mac_address": "7C-ED-8D-88-87-63",
            "name": "wanderlust-nic",
            "private_ip_address": "10.0.1.4",
            "private_ip_addresses": [
              "10.0.1.4"
            ],
            "resource_group_name": "wanderlust-rg",
            "tags": {},
            "timeouts": null,
            "virtual_machine_id": "/subscriptions/0b07168e-d010-4541-bfb3-371b1ae41ba6/resourceGroups/wanderlust-rg/providers/Microsoft.Compute/virtualMachines/jenkins-master"
          },
          "sensitive_attributes": [],
          "identity_schema_version": 0,
          "private": "eyJlMmJmYjczMC1lY2FhLTExZTYtOGY4OC0zNDM2M2JjN2M0YzAiOnsiY3JlYXRlIjoxODAwMDAwMDAwMDAwLCJkZWxldGUiOjE4MDAwMDAwMDAwMDAsInJlYWQiOjMwMDAwMDAwMDAwMCwidXBkYXRlIjoxODAwMDAwMDAwMDAwfX0=",
          "dependencies": [
            "azurerm_public_ip.wanderlust",
            "azurerm_resource_group.wanderlust",
            "azurerm_subnet.wanderlust",
            "azurerm_virtual_network.wanderlust"
          ]
        }
      ]
    },
    {
      "mode": "managed",
      "type": "azurerm_network_interface_security_group_association",
      "name": "wanderlust",
      "provider": "provider[\"registry.terraform.io/hashicorp/azurerm\"]",
      "instances": [
        {
          "schema_version": 0,
          "attributes": {
            "id": "/subscriptions/0b07168e-d010-4541-bfb3-371b1ae41ba6/resourceGroups/wanderlust-rg/providers/Microsoft.Network/networkInterfaces/wanderlust-nic|/subscriptions/0b07168e-d010-4541-bfb3-371b1ae41ba6/resourceGroups/wanderlust-rg/providers/Microsoft.Network/networkSecurityGroups/allow-tls",
            "network_interface_id": "/subscriptions/0b07168e-d010-4541-bfb3-371b1ae41ba6/resourceGroups/wanderlust-rg/providers/Microsoft.Network/networkInterfaces/wanderlust-nic",
            "network_security_group_id": "/subscriptions/0b07168e-d010-4541-bfb3-371b1ae41ba6/resourceGroups/wanderlust-rg/providers/Microsoft.Network/networkSecurityGroups/allow-tls",
            "timeouts": null
          },
          "sensitive_attributes": [],
          "identity_schema_version": 0,
          "private": "eyJlMmJmYjczMC1lY2FhLTExZTYtOGY4OC0zNDM2M2JjN2M0YzAiOnsiY3JlYXRlIjoxODAwMDAwMDAwMDAwLCJkZWxldGUiOjE4MDAwMDAwMDAwMDAsInJlYWQiOjMwMDAwMDAwMDAwMH19",
          "dependencies": [
            "azurerm_network_interface.wanderlust",
            "azurerm_network_security_group.allow_user_to_connect",
            "azurerm_public_ip.wanderlust",
            "azurerm_resource_group.wanderlust",
            "azurerm_subnet.wanderlust",
            "azurerm_virtual_network.wanderlust"
          ]
        }
      ]
    },
    {
      "mode": "managed",
      "type": "azurerm_network_security_group",
      "name": "allow_user_to_connect",
      "provider": "provider[\"registry.terraform.io/hashicorp/azurerm\"]",
      "instances": [
        {
          "schema_version": 0,
          "attributes": {
            "id": "/subscriptions/0b07168e-d010-4541-bfb3-371b1ae41ba6/resourceGroups/wanderlust-rg/providers/Microsoft.Network/networkSecurityGroups/allow-tls",
            "location": "westus2",
            "name": "allow-tls",
            "resource_group_name": "wanderlust-rg",
            "security_rule": [
              {
                "access": "Allow",
                "description": "port 22 allow",
                "destination_address_prefix": "*",
                "destination_address_prefixes": [],
                "destination_application_security_group_ids": [],
                "destination_port_range": "22",
                "destination_port_ranges": [],
                "direction": "Inbound",
                "name": "allow-ssh",
                "priority": 100,
                "protocol": "Tcp",
                "source_address_prefix": "*",
                "source_address_prefixes": [],
                "source_application_security_group_ids": [],
                "source_port_range": "*",
                "source_port_ranges": []
              },
              {
                "access": "Allow",
                "description": "port 3000 allow (kubectl port-forward, public IP quota exhausted)",
                "destination_address_prefix": "*",
                "destination_address_prefixes": [],
                "destination_application_security_group_ids": [],
                "destination_port_range": "3000",
                "destination_port_ranges": [],
                "direction": "Inbound",
                "name": "allow-grafana",
                "priority": 150,
                "protocol": "Tcp",
                "source_address_prefix": "*",
                "source_address_prefixes": [],
                "source_application_security_group_ids": [],
                "source_port_range": "*",
                "source_port_ranges": []
              },
              {
                "access": "Allow",
                "description": "port 443 allow",
                "destination_address_prefix": "*",
                "destination_address_prefixes": [],
                "destination_application_security_group_ids": [],
                "destination_port_range": "443",
                "destination_port_ranges": [],
                "direction": "Inbound",
                "name": "allow-https",
                "priority": 120,
                "protocol": "Tcp",
                "source_address_prefix": "*",
                "source_address_prefixes": [],
                "source_application_security_group_ids": [],
                "source_port_range": "*",
                "source_port_ranges": []
              },
              {
                "access": "Allow",
                "description": "port 5173 allow (kubectl port-forward, public IP quota exhausted)",
                "destination_address_prefix": "*",
                "destination_address_prefixes": [],
                "destination_application_security_group_ids": [],
                "destination_port_range": "5173",
                "destination_port_ranges": [],
                "direction": "Inbound",
                "name": "allow-frontend",
                "priority": 170,
                "protocol": "Tcp",
                "source_address_prefix": "*",
                "source_address_prefixes": [],
                "source_application_security_group_ids": [],
                "source_port_range": "*",
                "source_port_ranges": []
              },
              {
                "access": "Allow",
                "description": "port 80 allow",
                "destination_address_prefix": "*",
                "destination_address_prefixes": [],
                "destination_application_security_group_ids": [],
                "destination_port_range": "80",
                "destination_port_ranges": [],
                "direction": "Inbound",
                "name": "allow-http",
                "priority": 110,
                "protocol": "Tcp",
                "source_address_prefix": "*",
                "source_address_prefixes": [],
                "source_application_security_group_ids": [],
                "source_port_range": "*",
                "source_port_ranges": []
              },
              {
                "access": "Allow",
                "description": "port 8080 allow",
                "destination_address_prefix": "*",
                "destination_address_prefixes": [],
                "destination_application_security_group_ids": [],
                "destination_port_range": "8080",
                "destination_port_ranges": [],
                "direction": "Inbound",
                "name": "allow-jenkins",
                "priority": 130,
                "protocol": "Tcp",
                "source_address_prefix": "*",
                "source_address_prefixes": [],
                "source_application_security_group_ids": [],
                "source_port_range": "*",
                "source_port_ranges": []
              },
              {
                "access": "Allow",
                "description": "port 8081 allow (kubectl port-forward to backend-service, public IP quota exhausted; 8080 taken by Jenkins)",
                "destination_address_prefix": "*",
                "destination_address_prefixes": [],
                "destination_application_security_group_ids": [],
                "destination_port_range": "8081",
                "destination_port_ranges": [],
                "direction": "Inbound",
                "name": "allow-backend",
                "priority": 180,
                "protocol": "Tcp",
                "source_address_prefix": "*",
                "source_address_prefixes": [],
                "source_application_security_group_ids": [],
                "source_port_range": "*",
                "source_port_ranges": []
              },
              {
                "access": "Allow",
                "description": "port 9000 allow",
                "destination_address_prefix": "*",
                "destination_address_prefixes": [],
                "destination_application_security_group_ids": [],
                "destination_port_range": "9000",
                "destination_port_ranges": [],
                "direction": "Inbound",
                "name": "allow-sonarqube",
                "priority": 140,
                "protocol": "Tcp",
                "source_address_prefix": "*",
                "source_address_prefixes": [],
                "source_application_security_group_ids": [],
                "source_port_range": "*",
                "source_port_ranges": []
              },
              {
                "access": "Allow",
                "description": "port 9090 allow (kubectl port-forward, public IP quota exhausted)",
                "destination_address_prefix": "*",
                "destination_address_prefixes": [],
                "destination_application_security_group_ids": [],
                "destination_port_range": "9090",
                "destination_port_ranges": [],
                "direction": "Inbound",
                "name": "allow-prometheus",
                "priority": 160,
                "protocol": "Tcp",
                "source_address_prefix": "*",
                "source_address_prefixes": [],
                "source_application_security_group_ids": [],
                "source_port_range": "*",
                "source_port_ranges": []
              }
            ],
            "tags": {
              "Name": "mysecurity"
            },
            "timeouts": null
          },
          "sensitive_attributes": [],
          "identity_schema_version": 0,
          "private": "eyJlMmJmYjczMC1lY2FhLTExZTYtOGY4OC0zNDM2M2JjN2M0YzAiOnsiY3JlYXRlIjoxODAwMDAwMDAwMDAwLCJkZWxldGUiOjE4MDAwMDAwMDAwMDAsInJlYWQiOjMwMDAwMDAwMDAwMCwidXBkYXRlIjoxODAwMDAwMDAwMDAwfX0=",
          "dependencies": [
            "azurerm_resource_group.wanderlust"
          ]
        }
      ]
    },
    {
      "mode": "managed",
      "type": "azurerm_public_ip",
      "name": "wanderlust",
      "provider": "provider[\"registry.terraform.io/hashicorp/azurerm\"]",
      "instances": [
        {
          "schema_version": 0,
          "attributes": {
            "allocation_method": "Static",
            "ddos_protection_mode": "VirtualNetworkInherited",
            "ddos_protection_plan_id": null,
            "domain_name_label": null,
            "edge_zone": "",
            "fqdn": null,
            "id": "/subscriptions/0b07168e-d010-4541-bfb3-371b1ae41ba6/resourceGroups/wanderlust-rg/providers/Microsoft.Network/publicIPAddresses/wanderlust-public-ip",
            "idle_timeout_in_minutes": 4,
            "ip_address": "20.236.37.26",
            "ip_tags": {},
            "ip_version": "IPv4",
            "location": "westus2",
            "name": "wanderlust-public-ip",
            "public_ip_prefix_id": null,
            "resource_group_name": "wanderlust-rg",
            "reverse_fqdn": null,
            "sku": "Standard",
            "sku_tier": "Regional",
            "tags": {},
            "timeouts": null,
            "zones": []
          },
          "sensitive_attributes": [],
          "identity_schema_version": 0,
          "private": "eyJlMmJmYjczMC1lY2FhLTExZTYtOGY4OC0zNDM2M2JjN2M0YzAiOnsiY3JlYXRlIjoxODAwMDAwMDAwMDAwLCJkZWxldGUiOjE4MDAwMDAwMDAwMDAsInJlYWQiOjMwMDAwMDAwMDAwMCwidXBkYXRlIjoxODAwMDAwMDAwMDAwfX0=",
          "dependencies": [
            "azurerm_resource_group.wanderlust"
          ]
        }
      ]
    },
    {
      "mode": "managed",
      "type": "azurerm_resource_group",
      "name": "wanderlust",
      "provider": "provider[\"registry.terraform.io/hashicorp/azurerm\"]",
      "instances": [
        {
          "schema_version": 0,
          "attributes": {
            "id": "/subscriptions/0b07168e-d010-4541-bfb3-371b1ae41ba6/resourceGroups/wanderlust-rg",
            "location": "westus2",
            "managed_by": "",
            "name": "wanderlust-rg",
            "tags": {},
            "timeouts": null
          },
          "sensitive_attributes": [],
          "identity_schema_version": 0,
          "private": "eyJlMmJmYjczMC1lY2FhLTExZTYtOGY4OC0zNDM2M2JjN2M0YzAiOnsiY3JlYXRlIjo1NDAwMDAwMDAwMDAwLCJkZWxldGUiOjU0MDAwMDAwMDAwMDAsInJlYWQiOjMwMDAwMDAwMDAwMCwidXBkYXRlIjo1NDAwMDAwMDAwMDAwfX0="
        }
      ]
    },
    {
      "mode": "managed",
      "type": "azurerm_subnet",
      "name": "wanderlust",
      "provider": "provider[\"registry.terraform.io/hashicorp/azurerm\"]",
      "instances": [
        {
          "schema_version": 0,
          "attributes": {
            "address_prefixes": [
              "10.0.1.0/24"
            ],
            "default_outbound_access_enabled": true,
            "delegation": [],
            "enforce_private_link_endpoint_network_policies": false,
            "enforce_private_link_service_network_policies": false,
            "id": "/subscriptions/0b07168e-d010-4541-bfb3-371b1ae41ba6/resourceGroups/wanderlust-rg/providers/Microsoft.Network/virtualNetworks/wanderlust-vnet/subnets/wanderlust-subnet",
            "name": "wanderlust-subnet",
            "private_endpoint_network_policies": "Enabled",
            "private_endpoint_network_policies_enabled": true,
            "private_link_service_network_policies_enabled": true,
            "resource_group_name": "wanderlust-rg",
            "service_endpoint_policy_ids": [],
            "service_endpoints": [],
            "timeouts": null,
            "virtual_network_name": "wanderlust-vnet"
          },
          "sensitive_attributes": [],
          "identity_schema_version": 0,
          "private": "eyJlMmJmYjczMC1lY2FhLTExZTYtOGY4OC0zNDM2M2JjN2M0YzAiOnsiY3JlYXRlIjoxODAwMDAwMDAwMDAwLCJkZWxldGUiOjE4MDAwMDAwMDAwMDAsInJlYWQiOjMwMDAwMDAwMDAwMCwidXBkYXRlIjoxODAwMDAwMDAwMDAwfX0=",
          "dependencies": [
            "azurerm_resource_group.wanderlust",
            "azurerm_virtual_network.wanderlust"
          ]
        }
      ]
    },
    {
      "mode": "managed",
      "type": "azurerm_virtual_network",
      "name": "wanderlust",
      "provider": "provider[\"registry.terraform.io/hashicorp/azurerm\"]",
      "instances": [
        {
          "schema_version": 0,
          "attributes": {
            "address_space": [
              "10.0.0.0/16"
            ],
            "bgp_community": "",
            "ddos_protection_plan": [],
            "dns_servers": [],
            "edge_zone": "",
            "encryption": [],
            "flow_timeout_in_minutes": 0,
            "guid": "3420fcea-bded-4330-86e2-6dd2b9bb0127",
            "id": "/subscriptions/0b07168e-d010-4541-bfb3-371b1ae41ba6/resourceGroups/wanderlust-rg/providers/Microsoft.Network/virtualNetworks/wanderlust-vnet",
            "location": "westus2",
            "name": "wanderlust-vnet",
            "resource_group_name": "wanderlust-rg",
            "subnet": [
              {
                "address_prefix": "10.0.1.0/24",
                "id": "/subscriptions/0b07168e-d010-4541-bfb3-371b1ae41ba6/resourceGroups/wanderlust-rg/providers/Microsoft.Network/virtualNetworks/wanderlust-vnet/subnets/wanderlust-subnet",
                "name": "wanderlust-subnet",
                "security_group": ""
              }
            ],
            "tags": {},
            "timeouts": null
          },
          "sensitive_attributes": [],
          "identity_schema_version": 0,
          "private": "eyJlMmJmYjczMC1lY2FhLTExZTYtOGY4OC0zNDM2M2JjN2M0YzAiOnsiY3JlYXRlIjoxODAwMDAwMDAwMDAwLCJkZWxldGUiOjE4MDAwMDAwMDAwMDAsInJlYWQiOjMwMDAwMDAwMDAwMCwidXBkYXRlIjoxODAwMDAwMDAwMDAwfX0=",
          "dependencies": [
            "azurerm_resource_group.wanderlust"
          ]
        }
      ]
    }
  ],
  "check_results": null
}
